dependencies:
  espressif/mpu6050:
    component_hash: 3370b55e3c1337c0a80c8cd833bf48c0ba61cf9f7d226856ae88abb61eba1d67
    dependencies:
    - name: idf
      require: private
      version: '>=4.0'
    source:
      registry_url: https://components.espressif.com/
      type: service
    version: 1.2.1
  idf:
    source:
      type: idf
    version: 6.0.1
direct_dependencies:
- espressif/mpu6050
- idf
manifest_hash: 9e693382b43ad7e20a32d2a9e41498ec360dd81ff20c15991330fa0ea3a0a8f2
target: esp32
version: 2.0.0
